
Microsoft Visual Studio Solution File, Format Version 12.00
# Visual Studio Version 17
VisualStudioVersion = 17.5.33424.131
MinimumVisualStudioVersion = 10.0.40219.1
Project("{FAE04EC0-301F-11D3-BF4B-00C04F79EFBC}") = "v0511", "v0511\v0511.csproj", "{E0F5EDFD-6EE7-47F3-8D2C-E812B19EA8F6}"
EndProject
Global
	GlobalSection(SolutionConfigurationPlatforms) = preSolution
		Debug|Any CPU = Debug|Any CPU
		Release|Any CPU = Release|Any CPU
	EndGlobalSection
	GlobalSection(ProjectConfigurationPlatforms) = postSolution
		{E0F5EDFD-6EE7-47F3-8D2C-E812B19EA8F6}.Debug|Any CPU.ActiveCfg = Debug|Any CPU
		{E0F5EDFD-6EE7-47F3-8D2C-E812B19EA8F6}.Debug|Any CPU.Build.0 = Debug|Any CPU
		{E0F5EDFD-6EE7-47F3-8D2C-E812B19EA8F6}.Release|Any CPU.ActiveCfg = Release|Any CPU
		{E0F5EDFD-6EE7-47F3-8D2C-E812B19EA8F6}.Release|Any CPU.Build.0 = Release|Any CPU
	EndGlobalSection
	GlobalSection(SolutionProperties) = preSolution
		HideSolutionNode = FALSE
	EndGlobalSection
	GlobalSection(ExtensibilityGlobals) = postSolution
		SolutionGuid = {22B3849A-520D-4DAE-9552-1BF0B78C1175}
	EndGlobalSection
EndGlobal
